
Microsoft Visual Studio Solution File, Format Version 12.00
# Visual Studio Version 16
VisualStudioVersion = 16.0.31911.196
MinimumVisualStudioVersion = 10.0.40219.1
Project("{FAE04EC0-301F-11D3-BF4B-00C04F79EFBC}") = "ChinaCentre.Android", "ChinaCentre.Android\ChinaCentre.Android.csproj", "{97902C6A-90FC-460E-A286-2D41EB848C46}"
EndProject
Project("{FAE04EC0-301F-11D3-BF4B-00C04F79EFBC}") = "ChinaCentre.iOS", "ChinaCentre.iOS\ChinaCentre.iOS.csproj", "{143788AA-6662-4D3D-AB26-8CC00F7669A4}"
EndProject
Project("{FAE04EC0-301F-11D3-BF4B-00C04F79EFBC}") = "ChinaCentre", "ChinaCentre\ChinaCentre.csproj", "{F5C7B72D-04C5-487C-9ED0-1F3918E6C619}"
EndProject
Global
	GlobalSection(SolutionConfigurationPlatforms) = preSolution
		Debug|Any CPU = Debug|Any CPU
		Debug|iPhone = Debug|iPhone
		Debug|iPhoneSimulator = Debug|iPhoneSimulator
		Release|Any CPU = Release|Any CPU
		Release|iPhone = Release|iPhone
		Release|iPhoneSimulator = Release|iPhoneSimulator
	EndGlobalSection
	GlobalSection(ProjectConfigurationPlatforms) = postSolution
		{97902C6A-90FC-460E-A286-2D41EB848C46}.Debug|Any CPU.ActiveCfg = Debug|Any CPU
		{97902C6A-90FC-460E-A286-2D41EB848C46}.Debug|Any CPU.Build.0 = Debug|Any CPU
		{97902C6A-90FC-460E-A286-2D41EB848C46}.Debug|Any CPU.Deploy.0 = Debug|Any CPU
		{97902C6A-90FC-460E-A286-2D41EB848C46}.Debug|iPhone.ActiveCfg = Debug|Any CPU
		{97902C6A-90FC-460E-A286-2D41EB848C46}.Debug|iPhone.Build.0 = Debug|Any CPU
		{97902C6A-90FC-460E-A286-2D41EB848C46}.Debug|iPhone.Deploy.0 = Debug|Any CPU
		{97902C6A-90FC-460E-A286-2D41EB848C46}.Debug|iPhoneSimulator.ActiveCfg = Debug|Any CPU
		{97902C6A-90FC-460E-A286-2D41EB848C46}.Debug|iPhoneSimulator.Build.0 = Debug|Any CPU
		{97902C6A-90FC-460E-A286-2D41EB848C46}.Debug|iPhoneSimulator.Deploy.0 = Debug|Any CPU
		{97902C6A-90FC-460E-A286-2D41EB848C46}.Release|Any CPU.ActiveCfg = Release|Any CPU
		{97902C6A-90FC-460E-A286-2D41EB848C46}.Release|Any CPU.Build.0 = Release|Any CPU
		{97902C6A-90FC-460E-A286-2D41EB848C46}.Release|Any CPU.Deploy.0 = Release|Any CPU
		{97902C6A-90FC-460E-A286-2D41EB848C46}.Release|iPhone.ActiveCfg = Release|Any CPU
		{97902C6A-90FC-460E-A286-2D41EB848C46}.Release|iPhone.Build.0 = Release|Any CPU
		{97902C6A-90FC-460E-A286-2D41EB848C46}.Release|iPhone.Deploy.0 = Release|Any CPU
		{97902C6A-90FC-460E-A286-2D41EB848C46}.Release|iPhoneSimulator.ActiveCfg = Release|Any CPU
		{97902C6A-90FC-460E-A286-2D41EB848C46}.Release|iPhoneSimulator.Build.0 = Release|Any CPU
		{97902C6A-90FC-460E-A286-2D41EB848C46}.Release|iPhoneSimulator.Deploy.0 = Release|Any CPU
		{143788AA-6662-4D3D-AB26-8CC00F7669A4}.Debug|Any CPU.ActiveCfg = Debug|iPhone
		{143788AA-6662-4D3D-AB26-8CC00F7669A4}.Debug|Any CPU.Build.0 = Debug|iPhone
		{143788AA-6662-4D3D-AB26-8CC00F7669A4}.Debug|Any CPU.Deploy.0 = Debug|iPhone
		{143788AA-6662-4D3D-AB26-8CC00F7669A4}.Debug|iPhone.ActiveCfg = Debug|iPhone
		{143788AA-6662-4D3D-AB26-8CC00F7669A4}.Debug|iPhone.Build.0 = Debug|iPhone
		{143788AA-6662-4D3D-AB26-8CC00F7669A4}.Debug|iPhone.Deploy.0 = Debug|iPhone
		{143788AA-6662-4D3D-AB26-8CC00F7669A4}.Debug|iPhoneSimulator.ActiveCfg = Debug|iPhoneSimulator
		{143788AA-6662-4D3D-AB26-8CC00F7669A4}.Debug|iPhoneSimulator.Build.0 = Debug|iPhoneSimulator
		{143788AA-6662-4D3D-AB26-8CC00F7669A4}.Debug|iPhoneSimulator.Deploy.0 = Debug|iPhoneSimulator
		{143788AA-6662-4D3D-AB26-8CC00F7669A4}.Release|Any CPU.ActiveCfg = Release|iPhoneSimulator
		{143788AA-6662-4D3D-AB26-8CC00F7669A4}.Release|Any CPU.Build.0 = Release|iPhoneSimulator
		{143788AA-6662-4D3D-AB26-8CC00F7669A4}.Release|Any CPU.Deploy.0 = Release|iPhoneSimulator
		{143788AA-6662-4D3D-AB26-8CC00F7669A4}.Release|iPhone.ActiveCfg = Release|iPhone
		{143788AA-6662-4D3D-AB26-8CC00F7669A4}.Release|iPhone.Build.0 = Release|iPhone
		{143788AA-6662-4D3D-AB26-8CC00F7669A4}.Release|iPhone.Deploy.0 = Release|iPhone
		{143788AA-6662-4D3D-AB26-8CC00F7669A4}.Release|iPhoneSimulator.ActiveCfg = Release|iPhoneSimulator
		{143788AA-6662-4D3D-AB26-8CC00F7669A4}.Release|iPhoneSimulator.Build.0 = Release|iPhoneSimulator
		{143788AA-6662-4D3D-AB26-8CC00F7669A4}.Release|iPhoneSimulator.Deploy.0 = Release|iPhoneSimulator
		{F5C7B72D-04C5-487C-9ED0-1F3918E6C619}.Debug|Any CPU.ActiveCfg = Debug|Any CPU
		{F5C7B72D-04C5-487C-9ED0-1F3918E6C619}.Debug|Any CPU.Build.0 = Debug|Any CPU
		{F5C7B72D-04C5-487C-9ED0-1F3918E6C619}.Debug|Any CPU.Deploy.0 = Debug|Any CPU
		{F5C7B72D-04C5-487C-9ED0-1F3918E6C619}.Debug|iPhone.ActiveCfg = Debug|Any CPU
		{F5C7B72D-04C5-487C-9ED0-1F3918E6C619}.Debug|iPhone.Build.0 = Debug|Any CPU
		{F5C7B72D-04C5-487C-9ED0-1F3918E6C619}.Debug|iPhone.Deploy.0 = Debug|Any CPU
		{F5C7B72D-04C5-487C-9ED0-1F3918E6C619}.Debug|iPhoneSimulator.ActiveCfg = Debug|Any CPU
		{F5C7B72D-04C5-487C-9ED0-1F3918E6C619}.Debug|iPhoneSimulator.Build.0 = Debug|Any CPU
		{F5C7B72D-04C5-487C-9ED0-1F3918E6C619}.Debug|iPhoneSimulator.Deploy.0 = Debug|Any CPU
		{F5C7B72D-04C5-487C-9ED0-1F3918E6C619}.Release|Any CPU.ActiveCfg = Release|Any CPU
		{F5C7B72D-04C5-487C-9ED0-1F3918E6C619}.Release|Any CPU.Build.0 = Release|Any CPU
		{F5C7B72D-04C5-487C-9ED0-1F3918E6C619}.Release|Any CPU.Deploy.0 = Release|Any CPU
		{F5C7B72D-04C5-487C-9ED0-1F3918E6C619}.Release|iPhone.ActiveCfg = Release|Any CPU
		{F5C7B72D-04C5-487C-9ED0-1F3918E6C619}.Release|iPhone.Build.0 = Release|Any CPU
		{F5C7B72D-04C5-487C-9ED0-1F3918E6C619}.Release|iPhone.Deploy.0 = Release|Any CPU
		{F5C7B72D-04C5-487C-9ED0-1F3918E6C619}.Release|iPhoneSimulator.ActiveCfg = Release|Any CPU
		{F5C7B72D-04C5-487C-9ED0-1F3918E6C619}.Release|iPhoneSimulator.Build.0 = Release|Any CPU
		{F5C7B72D-04C5-487C-9ED0-1F3918E6C619}.Release|iPhoneSimulator.Deploy.0 = Release|Any CPU
	EndGlobalSection
	GlobalSection(SolutionProperties) = preSolution
		HideSolutionNode = FALSE
	EndGlobalSection
	GlobalSection(ExtensibilityGlobals) = postSolution
		SolutionGuid = {1B7CB9F9-592B-4BA1-B85B-12A5F23D2F56}
	EndGlobalSection
EndGlobal
